{
    "requires": true,
    "lockfileVersion": 1,
    "dependencies": {
        "@fullcalendar/common": {
            "version": "5.1.0",
            "resolved": "https://registry.npmjs.org/@fullcalendar/common/-/common-5.1.0.tgz",
            "integrity": "sha512-ubwf9T0BDocGLh0AK8achrmc0siQdrp3Wn6Rmg/Ht4/WnwBtjc5gumzJ0ezG/xHE0GWG+Pz6Tm0IJF/jE7NJHw==",
            "requires": {
                "tslib": "^2.0.0"
            }
        },
        "@fullcalendar/core": {
            "version": "5.1.0",
            "resolved": "https://registry.npmjs.org/@fullcalendar/core/-/core-5.1.0.tgz",
            "integrity": "sha512-C9OA9LHD1zgfcMABQ17TaxvAO/iubYFLDrgTIRCe77LatC0G36UBafthevUlMRqCR6rt5SBcw0oBt23HqSJO3A==",
            "requires": {
                "@fullcalendar/common": "~5.1.0",
                "preact": "^10.0.5",
                "tslib": "^2.0.0"
            }
        },
        "@fullcalendar/premium-common": {
            "version": "5.1.0",
            "resolved": "https://registry.npmjs.org/@fullcalendar/premium-common/-/premium-common-5.1.0.tgz",
            "integrity": "sha512-WktApQ+h0zEQD8ZxdimozAdun3aXeK56q4HuSw4Czteh9zF+wA5Jnm5tnakOPS2uhbwSN264y2YbdzshsN6NNA==",
            "requires": {
                "@fullcalendar/common": "~5.1.0",
                "tslib": "^2.0.0"
            }
        },
        "@fullcalendar/resource-common": {
            "version": "5.1.0",
            "resolved": "https://registry.npmjs.org/@fullcalendar/resource-common/-/resource-common-5.1.0.tgz",
            "integrity": "sha512-m86pMUO8Eh4Z8Htl7XCZGAz2FRqKMR6pG4EvlbEBMgo3xZnz3QbLwWCOxXIN51SGPJpGeOOvyQ9pLSeC85xYMg==",
            "requires": {
                "@fullcalendar/common": "~5.1.0",
                "@fullcalendar/premium-common": "~5.1.0",
                "tslib": "^2.0.0"
            }
        },
        "@fullcalendar/resource-timeline": {
            "version": "5.1.0",
            "resolved": "https://registry.npmjs.org/@fullcalendar/resource-timeline/-/resource-timeline-5.1.0.tgz",
            "integrity": "sha512-0jQ9MKzddGAEepOD1LlC1F5oF1UDp4U6jV4xxGLRgdKu2kbLc+g6DOej0bysTqhsbag/kx0H+TZgrl9+G7PBFQ==",
            "requires": {
                "@fullcalendar/common": "~5.1.0",
                "@fullcalendar/premium-common": "~5.1.0",
                "@fullcalendar/resource-common": "~5.1.0",
                "@fullcalendar/scrollgrid": "~5.1.0",
                "@fullcalendar/timeline": "~5.1.0",
                "tslib": "^2.0.0"
            }
        },
        "@fullcalendar/scrollgrid": {
            "version": "5.1.0",
            "resolved": "https://registry.npmjs.org/@fullcalendar/scrollgrid/-/scrollgrid-5.1.0.tgz",
            "integrity": "sha512-OkaxuQujp6HO4j39mCdQuaEz6P8BzQaAYMYRkV3PT2L6cUZ96I+FhKbiN2jOB1FMr49o+ZPOVUkMNP/2Wgrwjg==",
            "requires": {
                "@fullcalendar/common": "~5.1.0",
                "@fullcalendar/premium-common": "~5.1.0",
                "tslib": "^2.0.0"
            }
        },
        "@fullcalendar/timeline": {
            "version": "5.1.0",
            "resolved": "https://registry.npmjs.org/@fullcalendar/timeline/-/timeline-5.1.0.tgz",
            "integrity": "sha512-hsdXXI6sE62t0W6nPXtAIB8IG8yI51y8H7LhIL4hMvj5a6wxQmlObfMAXQy1bk401ZYvPHGri1gIPH2hR8zdLg==",
            "requires": {
                "@fullcalendar/common": "~5.1.0",
                "@fullcalendar/premium-common": "~5.1.0",
                "@fullcalendar/scrollgrid": "~5.1.0",
                "tslib": "^2.0.0"
            }
        },
        "fullcalendar": {
            "version": "5.1.0",
            "resolved": "https://registry.npmjs.org/fullcalendar/-/fullcalendar-5.1.0.tgz",
            "integrity": "sha512-oqSSm0bmbQXS0IjVks2eRWqkeGordphrijqrXInVBLCn9aeeSJdkN6+KsdO2EHpYh45iPK3aZwzkdoHXlrhN2g=="
        },
        "preact": {
            "version": "10.4.6",
            "resolved": "https://registry.npmjs.org/preact/-/preact-10.4.6.tgz",
            "integrity": "sha512-80WJfXH53yyINig5Wza/8MD9n4lMg9G6aN00ws0ptsAaY/Fu/M7xW4zICf7OLfocVltxS30wvNQ8oIbUyZS1tw=="
        },
        "sweetalert2": {
            "version": "9.15.3",
            "resolved": "https://registry.npmjs.org/sweetalert2/-/sweetalert2-9.15.3.tgz",
            "integrity": "sha512-2DVpt5S6xsrUnZ9U4IWw4JBMOP4YuDtMx/GYTvSvu1mwgkUHV+8so50yEJRSxqWSGkJ0PB6hzqq4J7C9WU2V1w=="
        },
        "tslib": {
            "version": "2.0.0",
            "resolved": "https://registry.npmjs.org/tslib/-/tslib-2.0.0.tgz",
            "integrity": "sha512-lTqkx847PI7xEDYJntxZH89L2/aXInsyF2luSafe/+0fHOMjlBNXdH6th7f70qxLDhul7KZK0zC8V5ZIyHl0/g=="
        }
    }
}
